
Microsoft Visual Studio Solution File, Format Version 12.00
# Visual Studio Version 17
VisualStudioVersion = 17.0.31903.59
MinimumVisualStudioVersion = 10.0.40219.1
Project("{FAE04EC0-301F-11D3-BF4B-00C04F79EFBC}") = "calculadora", "calculadora\calculadora.csproj", "{DAF49BC1-49FC-4A91-B735-235B2282BD3B}"
EndProject
Project("{FAE04EC0-301F-11D3-BF4B-00C04F79EFBC}") = "calculadora.Test", "calculadora.Test\calculadora.Test.csproj", "{DD7573EC-0E1A-47E4-A2F9-7DDC79C6F934}"
EndProject
Global
	GlobalSection(SolutionConfigurationPlatforms) = preSolution
		Debug|Any CPU = Debug|Any CPU
		Release|Any CPU = Release|Any CPU
	EndGlobalSection
	GlobalSection(SolutionProperties) = preSolution
		HideSolutionNode = FALSE
	EndGlobalSection
	GlobalSection(ProjectConfigurationPlatforms) = postSolution
		{DAF49BC1-49FC-4A91-B735-235B2282BD3B}.Debug|Any CPU.ActiveCfg = Debug|Any CPU
		{DAF49BC1-49FC-4A91-B735-235B2282BD3B}.Debug|Any CPU.Build.0 = Debug|Any CPU
		{DAF49BC1-49FC-4A91-B735-235B2282BD3B}.Release|Any CPU.ActiveCfg = Release|Any CPU
		{DAF49BC1-49FC-4A91-B735-235B2282BD3B}.Release|Any CPU.Build.0 = Release|Any CPU
		{DD7573EC-0E1A-47E4-A2F9-7DDC79C6F934}.Debug|Any CPU.ActiveCfg = Debug|Any CPU
		{DD7573EC-0E1A-47E4-A2F9-7DDC79C6F934}.Debug|Any CPU.Build.0 = Debug|Any CPU
		{DD7573EC-0E1A-47E4-A2F9-7DDC79C6F934}.Release|Any CPU.ActiveCfg = Release|Any CPU
		{DD7573EC-0E1A-47E4-A2F9-7DDC79C6F934}.Release|Any CPU.Build.0 = Release|Any CPU
	EndGlobalSection
EndGlobal
